
Microsoft Visual Studio Solution File, Format Version 12.00
# Visual Studio Version 16
VisualStudioVersion = 16.0.29926.136
MinimumVisualStudioVersion = 10.0.40219.1
Project("{FAE04EC0-301F-11D3-BF4B-00C04F79EFBC}") = "ConsoleApp1", "ConsoleApp1\ConsoleApp1.csproj", "{DA630DE6-8B92-42ED-904E-30A864B84B67}"
EndProject
Global
	GlobalSection(SolutionConfigurationPlatforms) = preSolution
		Debug|Any CPU = Debug|Any CPU
		Release|Any CPU = Release|Any CPU
	EndGlobalSection
	GlobalSection(ProjectConfigurationPlatforms) = postSolution
		{DA630DE6-8B92-42ED-904E-30A864B84B67}.Debug|Any CPU.ActiveCfg = Debug|Any CPU
		{DA630DE6-8B92-42ED-904E-30A864B84B67}.Debug|Any CPU.Build.0 = Debug|Any CPU
		{DA630DE6-8B92-42ED-904E-30A864B84B67}.Release|Any CPU.ActiveCfg = Release|Any CPU
		{DA630DE6-8B92-42ED-904E-30A864B84B67}.Release|Any CPU.Build.0 = Release|Any CPU
	EndGlobalSection
	GlobalSection(SolutionProperties) = preSolution
		HideSolutionNode = FALSE
	EndGlobalSection
	GlobalSection(ExtensibilityGlobals) = postSolution
		SolutionGuid = {90426034-6F7B-4A49-A466-15A59CF3D20A}
	EndGlobalSection
EndGlobal
